<Solution>
  <Folder Name="/BuildingBlocks/">
    <Project Path="src/BuildingBlocks/BuildingBlocks/BuildingBlocks.csproj" Id="919c645a-e407-4606-89fb-2e89ba8d98af" />
  </Folder>
  <Folder Name="/Services/" />
  <Folder Name="/Services/Catalog/">
    <Project Path="src/Services/Catalog/Catalog.API/Catalog.API.csproj" Id="7f5c2864-3c1f-48f6-986b-8325368af1fb" />
  </Folder>
</Solution>
